# This file is generated by running "yarn install" inside your project.
# Manual changes might be lost - proceed with caution!

__metadata:
  version: 4

"accepts@npm:~1.3.7":
  version: 1.3.7
  resolution: "accepts@npm:1.3.7"
  dependencies:
    mime-types: ~2.1.24
    negotiator: 0.6.2
  checksum: 1cc69aea0c58440b645f4e14f0d4d55a1236258e54ceacd31cd9efdf62eda36d35bc324560af95efad15c082681510f9e7601403ce8ee32a811a809946f9e433
  languageName: node
  linkType: hard

"ajv@npm:^6.5.5":
  version: 6.11.0
  resolution: "ajv@npm:6.11.0"
  dependencies:
    fast-deep-equal: ^3.1.1
    fast-json-stable-stringify: ^2.0.0
    json-schema-traverse: ^0.4.1
    uri-js: ^4.2.2
  checksum: 5c9986f9572b85e6452a9620670501244c8db9b30257a155dcb1cb7333f6571b7bff94b70614676f779a018019236d0acdfeb1cbbaff34955c92cc3003cef10d
  languageName: node
  linkType: hard

"array-flatten@npm:1.1.1":
  version: 1.1.1
  resolution: "array-flatten@npm:1.1.1"
  checksum: 9b53b90c6553dac52279cbaeb682db3c8d89dfb6ffa82ce08ba3b0333a3e81e9747cc14daaa0e705a3193879dada635b6994b85846cb99d3275d0839bb61ad15
  languageName: node
  linkType: hard

"asn1@npm:~0.2.3":
  version: 0.2.4
  resolution: "asn1@npm:0.2.4"
  dependencies:
    safer-buffer: ~2.1.0
  checksum: 6f8ecf66e024f3fb329233b7e76a39b81b9dc84f4b75a8727ad059ca6a64973a2e4e5b4bed564022d59df954af806bfd6af0cd4500cacab3ac0850fedd9b913a
  languageName: node
  linkType: hard

"assert-plus@npm:1.0.0, assert-plus@npm:^1.0.0":
  version: 1.0.0
  resolution: "assert-plus@npm:1.0.0"
  checksum: 0dbcfb92c233e31f58bc2dd4109728e961eef044dc31b8f85f2b7bd2b0435fc32312258de4e7d9ad07d641aef663b3336d071ad2aa31fdf0686848315cc67f26
  languageName: node
  linkType: hard

"asynckit@npm:^0.4.0":
  version: 0.4.0
  resolution: "asynckit@npm:0.4.0"
  checksum: 9f0abbb2af5ed83007505d1a98e6e6bc63dc8ffaa28288927d978c0d1f7af0a106ae05bac2407078fd147c1001068c0f9a7cc21e94d34b9838f78109c5266948
  languageName: node
  linkType: hard

"aws-sign2@npm:~0.7.0":
  version: 0.7.0
  resolution: "aws-sign2@npm:0.7.0"
  checksum: 448068c11ab51c1e797956a72d52a068f5600753e07e90c18a894799744bfd2b161d83e2217162d05ade214579f69624b9a9374c693572e6821fd2d1eea72099
  languageName: node
  linkType: hard

"aws4@npm:^1.8.0":
  version: 1.9.1
  resolution: "aws4@npm:1.9.1"
  checksum: dd43d697245d006ca50ae95c9d737f10efe687e7d422c48db3a382fa19aac546a0a5ca0b6ff6cf7f269631d34a03ddf9c650b0dcdca6dfa73c3751eff8276214
  languageName: node
  linkType: hard

"balanced-match@npm:^1.0.0":
  version: 1.0.0
  resolution: "balanced-match@npm:1.0.0"
  checksum: 6a1a4021cc9cb35182852582ed42470041430842bbc9d3dfad9536fca203281e4bc6316a017a0b876df0acb8d0d83daa22d5c6483108869c0895582525af9f60
  languageName: node
  linkType: hard

"bcrypt-pbkdf@npm:^1.0.0":
  version: 1.0.2
  resolution: "bcrypt-pbkdf@npm:1.0.2"
  dependencies:
    tweetnacl: ^0.14.3
  checksum: be6f38b9db6df9b023c17d952a02809eec63931c2183e6b3a9b373f971f85f8a1372e3a379d72877f748695d313eaee033fc1b7905448f62d75e4bef3ef175cb
  languageName: node
  linkType: hard

"body-parser@npm:1.19.0":
  version: 1.19.0
  resolution: "body-parser@npm:1.19.0"
  dependencies:
    bytes: 3.1.0
    content-type: ~1.0.4
    debug: 2.6.9
    depd: ~1.1.2
    http-errors: 1.7.2
    iconv-lite: 0.4.24
    on-finished: ~2.3.0
    qs: 6.7.0
    raw-body: 2.4.0
    type-is: ~1.6.17
  checksum: ff8b98d8be53b56938ae2e344feae9d5551aa5d6acabeed98c39ef0386a684685d6cfc9a1ca165d0ba9a4b23a20df60546ee4438079da6749d0f77e37abf2fdc
  languageName: node
  linkType: hard

"brace-expansion@npm:^1.1.7":
  version: 1.1.11
  resolution: "brace-expansion@npm:1.1.11"
  dependencies:
    balanced-match: ^1.0.0
    concat-map: 0.0.1
  checksum: 6bf044764309bad6d15c6eabc39e93701643b00192439251afe8b4e0c08f941b840f3c8844b163fc307111459121712fb74e40073ddffb0358f8a640f14ba7b1
  languageName: node
  linkType: hard

"bytes@npm:3.1.0":
  version: 3.1.0
  resolution: "bytes@npm:3.1.0"
  checksum: 4810d53e395e3b5d2cd54df0f1b4433ac01670efee10d74785625fa8ca4ce364975f152ad13408c796aa925ccab2a14423bd56c9107837ab4a114853ab988a76
  languageName: node
  linkType: hard

"caseless@npm:~0.12.0":
  version: 0.12.0
  resolution: "caseless@npm:0.12.0"
  checksum: 78d62874b145ce0351ebdc76fe77402ef47ac9d94728e896606ffc2da85d049311824219dc671bb9a957eb56dcd223dc785a743da28b2740ca0f966c0ac240dd
  languageName: node
  linkType: hard

"combined-stream@npm:^1.0.6, combined-stream@npm:~1.0.6":
  version: 1.0.8
  resolution: "combined-stream@npm:1.0.8"
  dependencies:
    delayed-stream: ~1.0.0
  checksum: caf371134e0b2f06a2179011439a7f4568c026393b384ccee5f3dd624a7b5f5ba2ae2370b358c4869b73d05d00d5ea9a0140331ae49eb88f68e09c05a6dacc0c
  languageName: node
  linkType: hard

"concat-map@npm:0.0.1":
  version: 0.0.1
  resolution: "concat-map@npm:0.0.1"
  checksum: b295d07d6ac4f0e3fe511fce7ac74c5f6583e67bace249c32c6b2baa44b2c6220c7c177c9e44954485f37b7e7ec6a6a231447b62137d0fb56b44a7e871ac33e3
  languageName: node
  linkType: hard

"content-disposition@npm:0.5.3":
  version: 0.5.3
  resolution: "content-disposition@npm:0.5.3"
  dependencies:
    safe-buffer: 5.1.2
  checksum: 51df49e7899d9fba77f2ffe3a81f23eb8217d65e6f42d9ce2d1ad8bb2b56ae6d2a43d3d4ba670f4714ede4593f4ceed3c632943b6ea70a88b6f6d82498473a05
  languageName: node
  linkType: hard

"content-type@npm:~1.0.4":
  version: 1.0.4
  resolution: "content-type@npm:1.0.4"
  checksum: 05fb930c707de87506e0fcbce8f0fcb3f3e34e67abce3c7720959499488895245c9e743607ed382244ca8a6190f970ab43d081cdae28553a8e7cf56e3f8e3fd9
  languageName: node
  linkType: hard

"cookie-signature@npm:1.0.6":
  version: 1.0.6
  resolution: "cookie-signature@npm:1.0.6"
  checksum: ff2caf141b4e894ac0c48150b43a90582c6bcf27219a66f0da1cddfd751fe978a051343700a28a36f9801a944651227fc1e7baf15a7e1b3b92d6b68e0d951c0b
  languageName: node
  linkType: hard

"cookie@npm:0.4.0":
  version: 0.4.0
  resolution: "cookie@npm:0.4.0"
  checksum: 9284243f9ed99cb00d705892f41ce0ae243d06330a82f64eaabf65103448e7508e90d5be737701e4e786e39779672b6ce3a52061da21a6437c3533e89d4db3fd
  languageName: node
  linkType: hard

"core-util-is@npm:1.0.2":
  version: 1.0.2
  resolution: "core-util-is@npm:1.0.2"
  checksum: b2aeb723279455a85125383b7067e66d650187adee4151b6587bc28d8334c9d5ebbc6e4bd6c344355191865e1add46fdec83f2a7f4d83889cfe7e586d9fd50b6
  languageName: node
  linkType: hard

"dashdash@npm:^1.12.0":
  version: 1.14.1
  resolution: "dashdash@npm:1.14.1"
  dependencies:
    assert-plus: ^1.0.0
  checksum: ae1c06eeabf13a791303aeee536bd96b2ef24ecb77cbb69072297b389b91329131b8b7134289fe83bd6eccf6ec674e8d712dd9e8aea1b4aabaf3d46c2fb4db83
  languageName: node
  linkType: hard

"debug@npm:2.6.9":
  version: 2.6.9
  resolution: "debug@npm:2.6.9"
  dependencies:
    ms: 2.0.0
  checksum: 178d6da8132866882a69ee868c68eec1a27297c99a01d8afc72d4b9d8f4fea709bd29c6746be72b2466b2f7d2c29fd95f0b89a3f940df6ca22edc9edad0e804f
  languageName: node
  linkType: hard

"deep-equal@npm:~1.1.1":
  version: 1.1.1
  resolution: "deep-equal@npm:1.1.1"
  dependencies:
    is-arguments: ^1.0.4
    is-date-object: ^1.0.1
    is-regex: ^1.0.4
    object-is: ^1.0.1
    object-keys: ^1.1.1
    regexp.prototype.flags: ^1.2.0
  checksum: 25b3c19c6c158a23be06e73a9821b4b44711150061fbc4bbb30cc1b88c3b8d28c4f5c6b8748638e60c279d8093acda760a9719d62336f5612fe615bd0993b4e6
  languageName: node
  linkType: hard

"define-properties@npm:^1.1.2, define-properties@npm:^1.1.3":
  version: 1.1.3
  resolution: "define-properties@npm:1.1.3"
  dependencies:
    object-keys: ^1.0.12
  checksum: 8ea9a3d1d6f9b5ec39f3acdf52c1f406cee2e15630b374daef2b44e67296cbf383481abc30beefa6cccde585ee5c41aa6d80c5c4556e90ffce95bea76f51857e
  languageName: node
  linkType: hard

"defined@npm:~1.0.0":
  version: 1.0.0
  resolution: "defined@npm:1.0.0"
  checksum: 99e0888789f1763220dba7adaa59cad2e3d4b14ed1ec19817f26b018d5f6b887736c582722e0bc660c716de656825e7ff69be6f79d0d6e9f24144221a7a4000c
  languageName: node
  linkType: hard

"delayed-stream@npm:~1.0.0":
  version: 1.0.0
  resolution: "delayed-stream@npm:1.0.0"
  checksum: 859d2824377d82c7e9b182da9c3799753d7271b223f83c141adca59674ae1df4b3215d7b9faa7555f943772f75c4ab98895e2ecba43ff904338d9208535f9af6
  languageName: node
  linkType: hard

"depd@npm:~1.1.2":
  version: 1.1.2
  resolution: "depd@npm:1.1.2"
  checksum: 02a96eee42732cecda70432be01f7ac92cca924c73b9ad5c0c6c2e06883fcf4d3b92755c753c94e7530cfa33069a23e870194828d7da11fc7652f33bf79de00b
  languageName: node
  linkType: hard

"destroy@npm:~1.0.4":
  version: 1.0.4
  resolution: "destroy@npm:1.0.4"
  checksum: bc2f61513204e5c7fbc5b7780c626292f165a2481773a143075c8544e9150b6a46ef507cde3515e78ba22a62acf73894d1d6a894e0352bc059a6d644a141a2f0
  languageName: node
  linkType: hard

"dotignore@npm:~0.1.2":
  version: 0.1.2
  resolution: "dotignore@npm:0.1.2"
  dependencies:
    minimatch: ^3.0.4
  bin:
    ignored: bin/ignored
  checksum: d5cbdbd5801172aab2f48a8a0562c4d78d21e3eb707204e60d72e01ee58f8971173814ff6318f0aa28ebf4434f38d21fc0eb488081019cf022546aa9a33da3e7
  languageName: node
  linkType: hard

"ecc-jsbn@npm:~0.1.1":
  version: 0.1.2
  resolution: "ecc-jsbn@npm:0.1.2"
  dependencies:
    jsbn: ~0.1.0
    safer-buffer: ^2.1.0
  checksum: 4e31135f449b97f6155426873293f9270a2c2885520ad85e700665b680354bd3c1223783f822c4ad19fbe7899a2dff33794ddd7d25d234a7529b16b999c9ed83
  languageName: node
  linkType: hard

"ee-first@npm:1.1.1":
  version: 1.1.1
  resolution: "ee-first@npm:1.1.1"
  checksum: ea8cace46f8e217451f3ec571b2fac3b12cc0361a4ce82342df8b0fcff60501da08214af0f249e3c6792f0a375091d4a565ea7b84705e3c1f51fc65113240f6a
  languageName: node
  linkType: hard

"ejs@npm:^2.5.6":
  version: 2.7.4
  resolution: "ejs@npm:2.7.4"
  checksum: b988ed7ad8b674e5e7a4174ed2b040e87a932a46e6c878575271e068c922ca41cae8b3fc9298df73fad895cb088dc8394a116498c5a943023b43dbf0cfe6a5a4
  languageName: node
  linkType: hard

"encodeurl@npm:~1.0.2":
  version: 1.0.2
  resolution: "encodeurl@npm:1.0.2"
  checksum: 56e6d3ef00224b1880060739447a9c2de2424850be0b9d63d4491d037449512fe252c24fcb287ada50be9079fa627d1795ec6ea2ce8946b4772f837ac3573df8
  languageName: node
  linkType: hard

"es-abstract@npm:^1.17.0-next.1":
  version: 1.17.4
  resolution: "es-abstract@npm:1.17.4"
  dependencies:
    es-to-primitive: ^1.2.1
    function-bind: ^1.1.1
    has: ^1.0.3
    has-symbols: ^1.0.1
    is-callable: ^1.1.5
    is-regex: ^1.0.5
    object-inspect: ^1.7.0
    object-keys: ^1.1.1
    object.assign: ^4.1.0
    string.prototype.trimleft: ^2.1.1
    string.prototype.trimright: ^2.1.1
  checksum: 9282a308badec96204370c1077f2858f40117c0c3350ae3522b316970f3cab896b9573297bec9f357225541a97106f369735a5553bc007c0cbd3958fb34166a3
  languageName: node
  linkType: hard

"es-to-primitive@npm:^1.2.1":
  version: 1.2.1
  resolution: "es-to-primitive@npm:1.2.1"
  dependencies:
    is-callable: ^1.1.4
    is-date-object: ^1.0.1
    is-symbol: ^1.0.2
  checksum: 8c38fb003ba9ce399f4a782505a49fdcf16182c03b8809ae57d0ef983ed8cf2713473af869e747cd4375ccacbad8790a49cbb3b372631d28a3b5bbc617f0685e
  languageName: node
  linkType: hard

"escape-html@npm:~1.0.3":
  version: 1.0.3
  resolution: "escape-html@npm:1.0.3"
  checksum: baa5a2fc8fdf3e2c3e586a687fc2fc6fe070a04cc6cc340fd4cae45fd664b8e7e147a3be7f6cbe353949ea10c71b016683c2c87c2a6c1f99f765ffd059feaec9
  languageName: node
  linkType: hard

"etag@npm:~1.8.1":
  version: 1.8.1
  resolution: "etag@npm:1.8.1"
  checksum: ec7760ce28ccbdc8cfe3bdba5902fb924359a9c018a5549d36cad7a343af849dc42fc513e59c80bcb73a3cb3509df98ac570415292d35c7fbb494a90181a85ce
  languageName: node
  linkType: hard

"express@npm:^4.15.2":
  version: 4.17.1
  resolution: "express@npm:4.17.1"
  dependencies:
    accepts: ~1.3.7
    array-flatten: 1.1.1
    body-parser: 1.19.0
    content-disposition: 0.5.3
    content-type: ~1.0.4
    cookie: 0.4.0
    cookie-signature: 1.0.6
    debug: 2.6.9
    depd: ~1.1.2
    encodeurl: ~1.0.2
    escape-html: ~1.0.3
    etag: ~1.8.1
    finalhandler: ~1.1.2
    fresh: 0.5.2
    merge-descriptors: 1.0.1
    methods: ~1.1.2
    on-finished: ~2.3.0
    parseurl: ~1.3.3
    path-to-regexp: 0.1.7
    proxy-addr: ~2.0.5
    qs: 6.7.0
    range-parser: ~1.2.1
    safe-buffer: 5.1.2
    send: 0.17.1
    serve-static: 1.14.1
    setprototypeof: 1.1.1
    statuses: ~1.5.0
    type-is: ~1.6.18
    utils-merge: 1.0.1
    vary: ~1.1.2
  checksum: 7d2ff8102b24f52483a3b576f9fb3f48a477d302be26ecb0ced7857458d9029c806370106567f437647a9477a444dbfdfafb5c7d9e2198eb8fe07b8edb6fedf7
  languageName: node
  linkType: hard

"extend@npm:~3.0.2":
  version: 3.0.2
  resolution: "extend@npm:3.0.2"
  checksum: 3df56be8d20d6a282e712c3c6aa4548ccdddd2dcfacc96a79ef23529c3b5d267e995cdb285aac2ed6d65bd556dc71ee8fef1c01d1fca9ef148fd9e5d1ecbb924
  languageName: node
  linkType: hard

"extsprintf@npm:1.3.0":
  version: 1.3.0
  resolution: "extsprintf@npm:1.3.0"
  checksum: 8cf20d3044b6333076eacb7b134fa56586273e9d47ad4fa3e396ce0b6f79d575c32212c579db2de1c1991c02b58f71ad269cfdffdbd193fa040b0bfff233955f
  languageName: node
  linkType: hard

"extsprintf@npm:^1.2.0":
  version: 1.4.0
  resolution: "extsprintf@npm:1.4.0"
  checksum: 5ce016ed485f47f742ac65cc26a49fd2a05515beec3f860baaf1e201cf26c1f15e3a97847c19ce82a926d820ec21a3356c7190b64fb74c42ac7dabc879a47a3e
  languageName: node
  linkType: hard

"fast-deep-equal@npm:^3.1.1":
  version: 3.1.1
  resolution: "fast-deep-equal@npm:3.1.1"
  checksum: 15a67ad01c2f73c64abf4e31e302c776be7497cd8f634b5dfd217af1a9e3b0ab6e340639bf02433ecd14c7fae7480e955bfea05cd1999227913eaa75f907be93
  languageName: node
  linkType: hard

"fast-json-stable-stringify@npm:^2.0.0":
  version: 2.1.0
  resolution: "fast-json-stable-stringify@npm:2.1.0"
  checksum: b283f2a6f85792d6a1a25f17b0d8d5c460d579cd2df6dbfe71661936dbc08eb29ae074f1bdd642d58196dfb3027bf12bb9dbac9f511b4d43bacae5bd5a90aef1
  languageName: node
  linkType: hard

"finalhandler@npm:~1.1.2":
  version: 1.1.2
  resolution: "finalhandler@npm:1.1.2"
  dependencies:
    debug: 2.6.9
    encodeurl: ~1.0.2
    escape-html: ~1.0.3
    on-finished: ~2.3.0
    parseurl: ~1.3.3
    statuses: ~1.5.0
    unpipe: ~1.0.0
  checksum: 621e50ccbe8a9f4762ced7658ccf4c669c9b807478e63ade09f962c3ce20617f3775821a3a5db7765e1f5fc16f2265b4a61509adc06193583734f570cb6a5c97
  languageName: node
  linkType: hard

"for-each@npm:~0.3.3":
  version: 0.3.3
  resolution: "for-each@npm:0.3.3"
  dependencies:
    is-callable: ^1.1.3
  checksum: 0c04e22b298b699ad8d737201c648ccc133a355098e607302a5f550a7d079617a22a3a7237d7f667d9c07327a1036302fcf65cb6dd3bc106c538b6c5f5228f7b
  languageName: node
  linkType: hard

"forever-agent@npm:~0.6.1":
  version: 0.6.1
  resolution: "forever-agent@npm:0.6.1"
  checksum: c93124c19389fc884c5caa376c76789789a9f7d94a6079214abfc87a2b49c2b6388e3bc2214b8f1442f1e92ca574cc48f7dd6b9a52bb199f3cec75fd5ff59f7f
  languageName: node
  linkType: hard

"form-data@npm:~2.3.2":
  version: 2.3.3
  resolution: "form-data@npm:2.3.3"
  dependencies:
    asynckit: ^0.4.0
    combined-stream: ^1.0.6
    mime-types: ^2.1.12
  checksum: 8f61c21715cc87df4ba26f46ef8feab2198b3ef0ff933ea73f256683ee1bbe7a9b09d78c008a5eaa1e45ff5bfb05d473976b18a0a9640ffeaa0cb7a0079a68b2
  languageName: node
  linkType: hard

"forwarded@npm:~0.1.2":
  version: 0.1.2
  resolution: "forwarded@npm:0.1.2"
  checksum: 96e556b8855c8ef4bff21c5471fb12294fba6d3c665aad4b62cede291d985f739e7eeb4605d46db0dac6fa181349a997d2be8e17995ba9dd86d5dc7f7a818e5f
  languageName: node
  linkType: hard

"fresh@npm:0.5.2":
  version: 0.5.2
  resolution: "fresh@npm:0.5.2"
  checksum: ab13a40ed77036d504386d01d350b94d82e134f286fddd2d7f7267a98ecdc5873fa8ff53c4aad9c86bfcfbd74a8b5f32f2648120dd75d0c335662eca9cb9ad5b
  languageName: node
  linkType: hard

"fs.realpath@npm:^1.0.0":
  version: 1.0.0
  resolution: "fs.realpath@npm:1.0.0"
  checksum: 7838256cafb93ee7a40754e7fdcae9c6e57b12528e22ae51a10bc6161ad6a647931dd99aa95ddf3a4ce8501766f78e57a56ed010043dddf8dddb4ad5af616acb
  languageName: node
  linkType: hard

"function-bind@npm:^1.1.1, function-bind@npm:~1.1.1":
  version: 1.1.1
  resolution: "function-bind@npm:1.1.1"
  checksum: 6ed0e3f90e8eab9d2a32f526fddd51020a23ad48d6c3806583b0c6e9dd97fbd0736a11bc0d75ee59e32979f149b3ac3c7a8608540968ed3f87d7ef8799c54602
  languageName: node
  linkType: hard

"getpass@npm:^0.1.1":
  version: 0.1.7
  resolution: "getpass@npm:0.1.7"
  dependencies:
    assert-plus: ^1.0.0
  checksum: dc1d4184d1b3ea565b2f223542615bd2c16905563827172e2ca9a0e2e0dcc1173407b0523ca15dbd53bf8b75b4485a1815ccb0bfeb4668e1d2520899cb5c57f5
  languageName: node
  linkType: hard

"glob@npm:~7.1.6":
  version: 7.1.6
  resolution: "glob@npm:7.1.6"
  dependencies:
    fs.realpath: ^1.0.0
    inflight: ^1.0.4
    inherits: 2
    minimatch: ^3.0.4
    once: ^1.3.0
    path-is-absolute: ^1.0.0
  checksum: 1e4476a9b7a81eec0bcfee78de4c27a40d2bde349eb04a63c58636acf8dc5ad8c68bc47c841bf7de5fde22696b1d2a737ada65e66c2359a0b3195fafc1316814
  languageName: node
  linkType: hard

"har-schema@npm:^2.0.0":
  version: 2.0.0
  resolution: "har-schema@npm:2.0.0"
  checksum: dc922e19113c0d52351adb6307e9971e5ff82cae901ac09e6a8000dde7bf5da736c936e05ddfe1a53811a0e4f702efc71aeb8dcd4d8f1a3bda6ccff77b86288e
  languageName: node
  linkType: hard

"har-validator@npm:~5.1.0":
  version: 5.1.3
  resolution: "har-validator@npm:5.1.3"
  dependencies:
    ajv: ^6.5.5
    har-schema: ^2.0.0
  checksum: 048be5641c1cacfa8e72084e042d198e2f34ef4eca3d61ac3612402b45f6983c3d2d01ea16beb0d37902bd3d6310ffaa0b5f3c9b7b1219601252e1467bf09f28
  languageName: node
  linkType: hard

"has-symbols@npm:^1.0.0, has-symbols@npm:^1.0.1":
  version: 1.0.1
  resolution: "has-symbols@npm:1.0.1"
  checksum: 8fa777f894ebe7b0905db719cc56a021b489e3f628cc7270601b06b2a28315646478e0a8ad2225990cf3c46793f6417f5c3f43a807ead104978bf8308cf5b282
  languageName: node
  linkType: hard

"has@npm:^1.0.3, has@npm:~1.0.3":
  version: 1.0.3
  resolution: "has@npm:1.0.3"
  dependencies:
    function-bind: ^1.1.1
  checksum: 88e52bdec13edd789d27e483cb710f2b11b18f7c03c9f5431d2cef49d8a4f499e182f00fc95e3fc240ea63e89805fac1d6e04a8270e83c14d6ef4ef7b5dd1f78
  languageName: node
  linkType: hard

"http-errors@npm:1.7.2":
  version: 1.7.2
  resolution: "http-errors@npm:1.7.2"
  dependencies:
    depd: ~1.1.2
    inherits: 2.0.3
    setprototypeof: 1.1.1
    statuses: ">= 1.5.0 < 2"
    toidentifier: 1.0.0
  checksum: ee01a7035c20060e8c03021da6e788e33dcb49e253d552746a416dc0cb5ad8d755b10688b2fe8073fa9972d9bfe28b772fc016d012172468d82f797802e8b203
  languageName: node
  linkType: hard

"http-errors@npm:~1.7.2":
  version: 1.7.3
  resolution: "http-errors@npm:1.7.3"
  dependencies:
    depd: ~1.1.2
    inherits: 2.0.4
    setprototypeof: 1.1.1
    statuses: ">= 1.5.0 < 2"
    toidentifier: 1.0.0
  checksum: b5a969ae98de61bf5a5a51574390b6f1d8d623dbcb2bfc0ec5adb585a1babd134e9e3752aff235153e1efe972162b0dc2846533c68a62ced91c6d6c9b69f2db4
  languageName: node
  linkType: hard

"http-signature@npm:~1.2.0":
  version: 1.2.0
  resolution: "http-signature@npm:1.2.0"
  dependencies:
    assert-plus: ^1.0.0
    jsprim: ^1.2.2
    sshpk: ^1.7.0
  checksum: c04e17a347d732bfaa4ddc22dacba181475cc378dfbb1cd0ac9f911d38ee9d693370dc119082c1a9789871e7c114bbb5317abb1da3391bee02ae26e4adcadaad
  languageName: node
  linkType: hard

"iconv-lite@npm:0.4.24":
  version: 0.4.24
  resolution: "iconv-lite@npm:0.4.24"
  dependencies:
    safer-buffer: ">= 2.1.2 < 3"
  checksum: c6a428001a93cc0b3680fed2301685f9a136df1a48b5bd06093d11005460c76c96b2ff7a7dc46444c24da6a64620a0c8297ae2ae4012a32fa31408c9411b8179
  languageName: node
  linkType: hard

"inflight@npm:^1.0.4":
  version: 1.0.6
  resolution: "inflight@npm:1.0.6"
  dependencies:
    once: ^1.3.0
    wrappy: 1
  checksum: 4ae4f2a43120647487d1650aaecd81044692397040d46d38257c349f142889be56ffb23f599c09dadc4287baeb4f3381e304e7eef111d7c7fec00def06111c4c
  languageName: node
  linkType: hard

"inherits@npm:2, inherits@npm:2.0.4, inherits@npm:~2.0.4":
  version: 2.0.4
  resolution: "inherits@npm:2.0.4"
  checksum: d11734fde3095ce63e83a4be33779c8597b0c95edec3efcadf9a78a9312a520028e25acb2d126656005791550f9f2e17de3ea6abeb026fa24627401e5e174d6c
  languageName: node
  linkType: hard

"inherits@npm:2.0.3":
  version: 2.0.3
  resolution: "inherits@npm:2.0.3"
  checksum: 7e20ced2334a7f9ea37288769037a186377028a52827ef7fd9d6aeed1ee7466357428cd1cba376c517735ad93d15c295e406b3e29ee10729ab04955f45ec489b
  languageName: node
  linkType: hard

"ipaddr.js@npm:1.9.0":
  version: 1.9.0
  resolution: "ipaddr.js@npm:1.9.0"
  checksum: 1e81f673a61764d0411c1c1b919a08dd70b2a5090a6e08acaf42a868dd1717b4fa3a5c958c31512f6e177f12793c563a7c4b2cab21030ff1e32e22df6e29a3db
  languageName: node
  linkType: hard

"is-arguments@npm:^1.0.4":
  version: 1.0.4
  resolution: "is-arguments@npm:1.0.4"
  checksum: 1f52900a310888bb49277ba7bd70a83e0d8e8549a64c66c0d5b31baa18b330c9c325bafa807f58db38d2fa091df4f58f4a113c49689c45236c2989a43ad406ae
  languageName: node
  linkType: hard

"is-callable@npm:^1.1.3, is-callable@npm:^1.1.4, is-callable@npm:^1.1.5":
  version: 1.1.5
  resolution: "is-callable@npm:1.1.5"
  checksum: 6abf0fa6cce421e36d4c2a14d785a012dcc2a12a4234958efa99cb01f534bb9b3a28a22c061ec4ed3024e4c79a611cf2c0cd25420a3f07bb31cf4406a864b34b
  languageName: node
  linkType: hard

"is-date-object@npm:^1.0.1":
  version: 1.0.2
  resolution: "is-date-object@npm:1.0.2"
  checksum: 9b4bbf590abc831cc3486fe11fa1eeaf47ab8cbd678cd5991a42dc66f6e1721c8d2f8a4dd718d05132df3db9716564d331f629624f78309409949f58da84dc88
  languageName: node
  linkType: hard

"is-regex@npm:^1.0.4, is-regex@npm:^1.0.5, is-regex@npm:~1.0.5":
  version: 1.0.5
  resolution: "is-regex@npm:1.0.5"
  dependencies:
    has: ^1.0.3
  checksum: 35a87c521c846fde740ec7c1910b75ad1f1e13db4381cc18373c556f909efba44e23a3cb70b760002eeecc7fc060e37fbf659598852807f82531fdc28a065cd9
  languageName: node
  linkType: hard

"is-symbol@npm:^1.0.2":
  version: 1.0.3
  resolution: "is-symbol@npm:1.0.3"
  dependencies:
    has-symbols: ^1.0.1
  checksum: c165674fedb1355951abb5ddc24b75185871f40f113ea57cbb8e8568eafbdf056338675c029dfc32d1db19e36084195ed8931f1a3ad944b5c732ef9e88bf1d43
  languageName: node
  linkType: hard

"is-typedarray@npm:~1.0.0":
  version: 1.0.0
  resolution: "is-typedarray@npm:1.0.0"
  checksum: 781a95df2e18eaa0ddf4cd1ea0aa1b81cbfc9139d19f551cfc90db4d1a555c3d3f907ac8194ed312512c3b87b160fecb5bf453d2226e54d5e63c3757523a05e5
  languageName: node
  linkType: hard

"isstream@npm:~0.1.2":
  version: 0.1.2
  resolution: "isstream@npm:0.1.2"
  checksum: aa7954a14871449e27bbbb5918f773964661b19287a6e6a6dccfba1f3680fb01605d13ac866c4032449fd6e7d307c7456709bb62f4fe6735a4ecfab37c1918c6
  languageName: node
  linkType: hard

"jsbn@npm:~0.1.0":
  version: 0.1.1
  resolution: "jsbn@npm:0.1.1"
  checksum: 0a485f89e5bd9ffa84ed65e1d840c3398a0d3eeecd1211ceca545050298a5dc1c0cfe9f2d0d779785b583cb6c3b3cff50d7a89e407cbcad29b474e7a2cf6ac1e
  languageName: node
  linkType: hard

"json-schema-traverse@npm:^0.4.1":
  version: 0.4.1
  resolution: "json-schema-traverse@npm:0.4.1"
  checksum: 511768bce007e0e4f505c08f94f2c59f8aeabc9e6f0f187e7e1838ff445b022d05107a6aaac62dee3e2e6a6b2265e23a0b625255a98700f88c104ad4b97e525d
  languageName: node
  linkType: hard

"json-schema@npm:0.2.3":
  version: 0.2.3
  resolution: "json-schema@npm:0.2.3"
  checksum: 33b4fdb870fb86d6882791b59892535a2466573a156c4649cfeff4d07a8c59bd9fb54d46609567cad88c0de60a46276d0d469bcde45fabc20c166c7bb3bc04b9
  languageName: node
  linkType: hard

"json-stringify-safe@npm:~5.0.1":
  version: 5.0.1
  resolution: "json-stringify-safe@npm:5.0.1"
  checksum: b3d9281f42e16fab884eaa6294cba891730f38e1e64049d3bfd41057878b52d53a0be309ff8a4968c30efc5065585b7c9cabdc05336d7d277866f4b28241a924
  languageName: node
  linkType: hard

"jsprim@npm:^1.2.2":
  version: 1.4.1
  resolution: "jsprim@npm:1.4.1"
  dependencies:
    assert-plus: 1.0.0
    extsprintf: 1.3.0
    json-schema: 0.2.3
    verror: 1.10.0
  checksum: c4afef21da19a73379df0d906b354b401db318096b0e711cc7927547b8d37788a2f7768c875d5abdfc02613cb3af0d943f4d505b9f2e28fa09d2d0d12851ff53
  languageName: node
  linkType: hard

"media-typer@npm:0.3.0":
  version: 0.3.0
  resolution: "media-typer@npm:0.3.0"
  checksum: a557ca96d89ac7f56891db3abcc235742e03a52ba4d584b5c1c3f55fae01655a8df4aa1f237c8f29450f7b633e3c491563421c32fbd7abc36264f6d910c743b4
  languageName: node
  linkType: hard

"merge-descriptors@npm:1.0.1":
  version: 1.0.1
  resolution: "merge-descriptors@npm:1.0.1"
  checksum: 968d88eb49a3f9c64a4fcff4d986da2b92759472fb01d1c162e4ed202acb72c2ce065b4f09ae996cfd901efef4e0a3777dc54a7e37f9aed26072e6dd381058d7
  languageName: node
  linkType: hard

"methods@npm:~1.1.2":
  version: 1.1.2
  resolution: "methods@npm:1.1.2"
  checksum: e5c0e2bb30db968433acf5d6ea1d918ba67d2752e45f079727afe98c673f847385385a4efa07bce7a00e2016f6deee01efbefd0b5110dbd01e499b176082d3fa
  languageName: node
  linkType: hard

"mime-db@npm:1.43.0":
  version: 1.43.0
  resolution: "mime-db@npm:1.43.0"
  checksum: 6d5c57eb9a3c86956b4e0dd3b13bf250d90efe0516923a3c02acd6b0161794f0fd2e4afa67cbe7e855acaeca5c74217e0c6abfe9c4a16182eb2e0a100f390d55
  languageName: node
  linkType: hard

"mime-types@npm:^2.1.12, mime-types@npm:~2.1.19, mime-types@npm:~2.1.24":
  version: 2.1.26
  resolution: "mime-types@npm:2.1.26"
  dependencies:
    mime-db: 1.43.0
  checksum: b345c551288e8de46bb36628954f0c773289963ee77254d56feee314295a2eccb6dd165636c6e76732f4b893bb3ea743e91c0e24a1ca02046653718ec1142ada
  languageName: node
  linkType: hard

"mime@npm:1.6.0":
  version: 1.6.0
  resolution: "mime@npm:1.6.0"
  bin:
    mime: cli.js
  checksum: ac3dc5d97099c067a010769305330735b3b1fc0d1893f0a050c8fde428daab93a351fd3fec1dfdd10f6eb02682a94b0a690ca2f762c0dac32b82334f3e798176
  languageName: node
  linkType: hard

"minimatch@npm:^3.0.4":
  version: 3.0.4
  resolution: "minimatch@npm:3.0.4"
  dependencies:
    brace-expansion: ^1.1.7
  checksum: c32249a40b1dbbb8d836495877d91874fcf6ce9c287409c41bcb3efe5ad67e21512a459a4ae3ce9b32e1df376c1cde14cbe9fe3ba17f703c2b253993577f4ccf
  languageName: node
  linkType: hard

"minimist@npm:~1.2.0":
  version: 1.2.0
  resolution: "minimist@npm:1.2.0"
  checksum: 06755eb86c09cfff6a239cc3a0a21fac046f333952c508ffdba6b796511725467f930bb0e2cf070401b4287d3383ce29cedb28d1d4b53d569fabc209af8d8706
  languageName: node
  linkType: hard

"ms@npm:2.0.0":
  version: 2.0.0
  resolution: "ms@npm:2.0.0"
  checksum: 531c5c3f1d224510ab703166ad6883762bfbc0465c5b43dd8e2aa29e95ac141ca77e5704b7810d4c649d45580e9f78fa8febfe9ffec6a08424033f31089c83fd
  languageName: node
  linkType: hard

"ms@npm:2.1.1":
  version: 2.1.1
  resolution: "ms@npm:2.1.1"
  checksum: f6a582361bde460587db401d7c9ede3bfe00a2fbf3f02b4e230343ef7385263280eb4b6c86e28dc2a17d321225fceb606591b84b20b770e4e7e03d6f1d27eaab
  languageName: node
  linkType: hard

"negotiator@npm:0.6.2":
  version: 0.6.2
  resolution: "negotiator@npm:0.6.2"
  checksum: ba007b54f72a0718de14202b58203641805347db8c805d6edc69d3f369b02dd93f372aa26c90f28de21475e874e372f5de0ef581ab85ed0700a4d43185673832
  languageName: node
  linkType: hard

"node-js-getting-started@workspace:.":
  version: 0.0.0-use.local
  resolution: "node-js-getting-started@workspace:."
  dependencies:
    ejs: ^2.5.6
    express: ^4.15.2
    request: ^2.81.0
    tape: ^4.7.0
  languageName: unknown
  linkType: soft

"oauth-sign@npm:~0.9.0":
  version: 0.9.0
  resolution: "oauth-sign@npm:0.9.0"
  checksum: f4cb09c65243732ca9d7a9279b29f0c1ae1cdf15722a23c19b5f37cb693545df7822c29d506a10991aaf12231976361ed2a9c90a18101a73f990df5423954d9b
  languageName: node
  linkType: hard

"object-inspect@npm:^1.7.0, object-inspect@npm:~1.7.0":
  version: 1.7.0
  resolution: "object-inspect@npm:1.7.0"
  checksum: 9d1e61f50ad171799d35c5ee2a904f65a0728de0f8b67e0313d2fce2ca9dfb0c9017063fa491ce6404b1b9f87695967e956518c06dfe929d1a25e478339b8a0f
  languageName: node
  linkType: hard

"object-is@npm:^1.0.1":
  version: 1.0.2
  resolution: "object-is@npm:1.0.2"
  checksum: 509b9f3cf36e4a4ebb99d3a557f33ce2899d1dd7df074ec39b41e198c3f747783b68cd9078de0100c77dd31c8d161ccbdb7f0e9709740d31cd3f81b5790a632e
  languageName: node
  linkType: hard

"object-keys@npm:^1.0.11, object-keys@npm:^1.0.12, object-keys@npm:^1.1.1":
  version: 1.1.1
  resolution: "object-keys@npm:1.1.1"
  checksum: 520e29aea8cde1e8862359e09831f21de4cdb8ad85d3c4a3223b258bf600b0b058d9b6635ffa51d91afec2f1cf51c62dd6eed6deb52b9d332f88c98e864d3845
  languageName: node
  linkType: hard

"object.assign@npm:^4.1.0":
  version: 4.1.0
  resolution: "object.assign@npm:4.1.0"
  dependencies:
    define-properties: ^1.1.2
    function-bind: ^1.1.1
    has-symbols: ^1.0.0
    object-keys: ^1.0.11
  checksum: 4d9f508c190f32772b3527918e000d401ca1e7b70dbfe697bd3820c1f181f582ea8c8419bb492e692c5ad39ae4b648e1172fa35f57ece7d869bee3a8b7983f23
  languageName: node
  linkType: hard

"on-finished@npm:~2.3.0":
  version: 2.3.0
  resolution: "on-finished@npm:2.3.0"
  dependencies:
    ee-first: 1.1.1
  checksum: a22fb45dade5cdc10ab0d0064a035dcb42f5cb6bb302da58c4a9db4e6b8a5042209da8644c9e020a81872be5259b5c0be3385979b3d5802591454181c64143eb
  languageName: node
  linkType: hard

"once@npm:^1.3.0":
  version: 1.4.0
  resolution: "once@npm:1.4.0"
  dependencies:
    wrappy: 1
  checksum: 47a04404e9aa3a209a7e536b199780fe75aba04df0a035b221285f2f703d0ab58286ffb402ff7cb5a3b894d0e86685eb4fc2766ce7a19555c14221437f248c03
  languageName: node
  linkType: hard

"parseurl@npm:~1.3.3":
  version: 1.3.3
  resolution: "parseurl@npm:1.3.3"
  checksum: dce90b0503088ff4c51a9011955720d568359103e0e3775e1bf5d1c4f8d4c6b92a53810a60f15198337c1f4efec22ca68123c00591423b5d41263b5b2759186d
  languageName: node
  linkType: hard

"path-is-absolute@npm:^1.0.0":
  version: 1.0.1
  resolution: "path-is-absolute@npm:1.0.1"
  checksum: 0e197d7cfa28209bce077b65646e21beb9a9980cc2b57efa4a4bf3b3331ec003f823bfec0948326264a2cbc57645a666cf911eb5d949d627d9e788280cccaa07
  languageName: node
  linkType: hard

"path-parse@npm:^1.0.6":
  version: 1.0.6
  resolution: "path-parse@npm:1.0.6"
  checksum: 02894a9a2dd29ba61ce0f79c0cbb230869d16e3129eea46ee1195d6bed370806f254a51f494ad51d5bab4e494ea0a9040819923bec3be586b1f9004a70c65a3a
  languageName: node
  linkType: hard

"path-to-regexp@npm:0.1.7":
  version: 0.1.7
  resolution: "path-to-regexp@npm:0.1.7"
  checksum: 7b368efe426ab6f505a668e8bd7d3b801fb714e7af5cb4679819c76bc3b8d0bd6b4f791e77a88679907d8e6ecab357b36b10b9630ac28a65b572b6ec3fd4c676
  languageName: node
  linkType: hard

"performance-now@npm:^2.1.0":
  version: 2.1.0
  resolution: "performance-now@npm:2.1.0"
  checksum: 6a5b3d6104304d00a0ec4bbf2799bfb1e2dcfe5403d7d1c3c9a595451b32acb7396c831817730288e4a33cae5de0d3c76d38cfebb62b59927a021b3300f8d29e
  languageName: node
  linkType: hard

"proxy-addr@npm:~2.0.5":
  version: 2.0.5
  resolution: "proxy-addr@npm:2.0.5"
  dependencies:
    forwarded: ~0.1.2
    ipaddr.js: 1.9.0
  checksum: 92cb8fad5c3f69107bf500615289001334d9cfe1e1280131b6ef5e2cfe1a219991c77b3b696842dd10f77a248f0b4fda71677c41a87c68e63049944deb1ed81a
  languageName: node
  linkType: hard

"psl@npm:^1.1.24":
  version: 1.7.0
  resolution: "psl@npm:1.7.0"
  checksum: 1982fcd4cdc3a0417eafb0fd97c778b1156807a4891d25a4e6677b6d262d2d175150d7e557a2a3a263bc1e13d4a118f9bbe93f116fc22f479810199629ad13e3
  languageName: node
  linkType: hard

"punycode@npm:^1.4.1":
  version: 1.4.1
  resolution: "punycode@npm:1.4.1"
  checksum: 747838f367f6e00bd688e968fe7d510d33fbd8d75e4dd6a7919bbbaf51fbd1c1e861ff24ced239adee076b4a5fcb08cdc3a26d88e7980e94efd9a96a950b0014
  languageName: node
  linkType: hard

"punycode@npm:^2.1.0":
  version: 2.1.1
  resolution: "punycode@npm:2.1.1"
  checksum: 497a65093f48fc94a91a2166cf4365d162ab07977adc8dc23dfb6c109c3d0dc004ea3623813a64e62992ad85d14b6a13a489055acd5c4763f56cae0733d71095
  languageName: node
  linkType: hard

"qs@npm:6.7.0":
  version: 6.7.0
  resolution: "qs@npm:6.7.0"
  checksum: 00917393bac59cda442020ca17fe8df9c176ca12c915b8475ab181c0d81e8cefc66d559af9287f47380d37a5188f95f8489300ff059514449982f3deed1fc52a
  languageName: node
  linkType: hard

"qs@npm:~6.5.2":
  version: 6.5.2
  resolution: "qs@npm:6.5.2"
  checksum: 0e9377802164c7a454397660305eaa3b2e10afd915cff80dedab1b90ebc017105a3cfc6d995116374cd2d07d18349478b9ad1eb1ac72596c402b89010e46c0e5
  languageName: node
  linkType: hard

"range-parser@npm:~1.2.1":
  version: 1.2.1
  resolution: "range-parser@npm:1.2.1"
  checksum: bb275debfeeecf3a3da38167e24356eb8c365914d2b3b76074d270553184c05b3fb85c27a6936c3abd57b2f6b5c0a57848e33227f32dd5295d2e18c4f79346b0
  languageName: node
  linkType: hard

"raw-body@npm:2.4.0":
  version: 2.4.0
  resolution: "raw-body@npm:2.4.0"
  dependencies:
    bytes: 3.1.0
    http-errors: 1.7.2
    iconv-lite: 0.4.24
    unpipe: 1.0.0
  checksum: 79f3fca0e5a077d3b37c6dac70bc6f1140219b2191455625642b32cc80b7d5d7497f7c0910e1b158c8d4413d6e0e7a47e21ea9ead493a8bc8a322c738573d150
  languageName: node
  linkType: hard

"regexp.prototype.flags@npm:^1.2.0":
  version: 1.3.0
  resolution: "regexp.prototype.flags@npm:1.3.0"
  dependencies:
    define-properties: ^1.1.3
    es-abstract: ^1.17.0-next.1
  checksum: 5abd9f4cd3899eff74a409e8f662fc095853f42d8229f232b1d86bc8ac6885eba21ea80ef0f1a7fa0ebaf441775caaf39bebca6d4a772eb56a0c20f9ef0ee65f
  languageName: node
  linkType: hard

"request@npm:^2.81.0":
  version: 2.88.0
  resolution: "request@npm:2.88.0"
  dependencies:
    aws-sign2: ~0.7.0
    aws4: ^1.8.0
    caseless: ~0.12.0
    combined-stream: ~1.0.6
    extend: ~3.0.2
    forever-agent: ~0.6.1
    form-data: ~2.3.2
    har-validator: ~5.1.0
    http-signature: ~1.2.0
    is-typedarray: ~1.0.0
    isstream: ~0.1.2
    json-stringify-safe: ~5.0.1
    mime-types: ~2.1.19
    oauth-sign: ~0.9.0
    performance-now: ^2.1.0
    qs: ~6.5.2
    safe-buffer: ^5.1.2
    tough-cookie: ~2.4.3
    tunnel-agent: ^0.6.0
    uuid: ^3.3.2
  checksum: 828fafdf57036d5f22d8829c44157a8c112f149b08709e6fd61f43e4f152ca448dd7713cb15861955c71964085f7595443851fa8c7eebcae749be7c63fff9e45
  languageName: node
  linkType: hard

"resolve@patch:resolve@~1.14.2#builtin<compat/resolve>":
  version: 1.14.2
  resolution: "resolve@patch:resolve@npm%3A1.14.2#builtin<compat/resolve>::version=1.14.2&hash=8fccd0"
  dependencies:
    path-parse: ^1.0.6
  checksum: 7bd9b6caba9dea7909320b8ec4e5dc08fb7c64fe4f97909d0bc54e43832addc84841adc0046c401a4369d05ae736dfb0ac5f079fe17dfec3ad3e4c7b999ec7d0
  languageName: node
  linkType: hard

resolve@~1.14.2:
  version: 1.14.2
  resolution: "resolve@npm:1.14.2"
  dependencies:
    path-parse: ^1.0.6
  checksum: 68a8f9e214b0d88e05ba3f4348381223116d0ec8380825533e57b38b82aa82897424fd62084f41c5345778793b0113d411a56e1430b374642247796534a03456
  languageName: node
  linkType: hard

"resumer@npm:~0.0.0":
  version: 0.0.0
  resolution: "resumer@npm:0.0.0"
  dependencies:
    through: ~2.3.4
  checksum: 5977e0ccd41218ac8c523397a123ce1d3a2c368fabe5567731a12ddcb7ccf666d401bb6f54f70c44d3323a1b224c540ec33f25484dbc1ad97f3fff7f4e432f0d
  languageName: node
  linkType: hard

"safe-buffer@npm:5.1.2":
  version: 5.1.2
  resolution: "safe-buffer@npm:5.1.2"
  checksum: 55f6e9116b875a5459a13fd1949d90ed6932f1c6fef70460896abcdf666852cb2119a12435ebbe823416ec49bc3fa5716ff2cc0dd36b9512631148e5113c145e
  languageName: node
  linkType: hard

"safe-buffer@npm:^5.0.1, safe-buffer@npm:^5.1.2":
  version: 5.2.0
  resolution: "safe-buffer@npm:5.2.0"
  checksum: 4577ff3526b671703fa907756021c0cf1360d664c7a4b2db07fedaf3a63df00f6638a16aa8d43d56658e73bd56eab432767b5b2ae3d138e77b875f77529338f3
  languageName: node
  linkType: hard

"safer-buffer@npm:>= 2.1.2 < 3, safer-buffer@npm:^2.0.2, safer-buffer@npm:^2.1.0, safer-buffer@npm:~2.1.0":
  version: 2.1.2
  resolution: "safer-buffer@npm:2.1.2"
  checksum: cfd3f4d7dc37db071c3b36c8e4315e3912e70f1a44c87936cafb6b3b15af362893ca02da703398fbbc299c1599fa49fca9ddda41ffd347adda417f988848dcf2
  languageName: node
  linkType: hard

"send@npm:0.17.1":
  version: 0.17.1
  resolution: "send@npm:0.17.1"
  dependencies:
    debug: 2.6.9
    depd: ~1.1.2
    destroy: ~1.0.4
    encodeurl: ~1.0.2
    escape-html: ~1.0.3
    etag: ~1.8.1
    fresh: 0.5.2
    http-errors: ~1.7.2
    mime: 1.6.0
    ms: 2.1.1
    on-finished: ~2.3.0
    range-parser: ~1.2.1
    statuses: ~1.5.0
  checksum: ae895afa58b4daf914bd992126308a51e960449090c8518ab394c62f84d30b57daa80f19a6060c06868a3982562732aa125d79b25c993878b9ae3219f3e868fb
  languageName: node
  linkType: hard

"serve-static@npm:1.14.1":
  version: 1.14.1
  resolution: "serve-static@npm:1.14.1"
  dependencies:
    encodeurl: ~1.0.2
    escape-html: ~1.0.3
    parseurl: ~1.3.3
    send: 0.17.1
  checksum: 4ea8c736546304788be47aa4cca032af76d8f877cdbcb2b934be517a99fb0ae5b22398a8a2a81382c1bf9edd5b764d0e035b92ca0b0c6464d0d8185ca0dc1ad9
  languageName: node
  linkType: hard

"setprototypeof@npm:1.1.1":
  version: 1.1.1
  resolution: "setprototypeof@npm:1.1.1"
  checksum: b2c43cc075cda6b20a16c8937169dc0401a04a61c567a89613df3bb54fb499cc971f36dc321592201a49c2355469e596e022e9d967e49c6f6c728b57b2737a6f
  languageName: node
  linkType: hard

"sshpk@npm:^1.7.0":
  version: 1.16.1
  resolution: "sshpk@npm:1.16.1"
  dependencies:
    asn1: ~0.2.3
    assert-plus: ^1.0.0
    bcrypt-pbkdf: ^1.0.0
    dashdash: ^1.12.0
    ecc-jsbn: ~0.1.1
    getpass: ^0.1.1
    jsbn: ~0.1.0
    safer-buffer: ^2.0.2
    tweetnacl: ~0.14.0
  bin:
    sshpk-conv: bin/sshpk-conv
    sshpk-sign: bin/sshpk-sign
    sshpk-verify: bin/sshpk-verify
  checksum: fa6553d407039dd527e65ec6dbd783eee7ac946db774d738830d996709b655e5b3072def8c81fd6f454293f88607039aba7fc2a149b93a2d4526ab8671c8885c
  languageName: node
  linkType: hard

"statuses@npm:>= 1.5.0 < 2, statuses@npm:~1.5.0":
  version: 1.5.0
  resolution: "statuses@npm:1.5.0"
  checksum: f9d54c70e9abf0ea577d03e93c4dc13dd6d458740fd913ea6c53378f82638d518a69dee44d480606d4e443faacc19aac628ffabf066f6c88107eaa8b55e3854d
  languageName: node
  linkType: hard

"string.prototype.trim@npm:~1.2.1":
  version: 1.2.1
  resolution: "string.prototype.trim@npm:1.2.1"
  dependencies:
    define-properties: ^1.1.3
    es-abstract: ^1.17.0-next.1
    function-bind: ^1.1.1
  checksum: 6466a8d590cc2b9e1e395e5d55a912c0561aa2a014398d947bab441c4b39d48ab4b1443f4412fce0a8e29b55fa92e8173ca13a86fbac2334a70a92109500c82c
  languageName: node
  linkType: hard

"string.prototype.trimleft@npm:^2.1.1":
  version: 2.1.1
  resolution: "string.prototype.trimleft@npm:2.1.1"
  dependencies:
    define-properties: ^1.1.3
    function-bind: ^1.1.1
  checksum: cf49ea5d476e7857ddc5d8e99aec9560d205f60034714885f8ba48c1c1b84692f5adb8754689f2de4264c42e20b00b043b4eff8c09647cc4032e013efb0d25db
  languageName: node
  linkType: hard

"string.prototype.trimright@npm:^2.1.1":
  version: 2.1.1
  resolution: "string.prototype.trimright@npm:2.1.1"
  dependencies:
    define-properties: ^1.1.3
    function-bind: ^1.1.1
  checksum: e7065a750dc524988d6b2dd9b20f5ed7aebbb6200cf6648bdded10faa54fd7b3ad30afdcdaec5f5786aeedb66846a80d7d443a8217ac4a7995630191b8732930
  languageName: node
  linkType: hard

"tape@npm:^4.7.0":
  version: 4.13.0
  resolution: "tape@npm:4.13.0"
  dependencies:
    deep-equal: ~1.1.1
    defined: ~1.0.0
    dotignore: ~0.1.2
    for-each: ~0.3.3
    function-bind: ~1.1.1
    glob: ~7.1.6
    has: ~1.0.3
    inherits: ~2.0.4
    is-regex: ~1.0.5
    minimist: ~1.2.0
    object-inspect: ~1.7.0
    resolve: ~1.14.2
    resumer: ~0.0.0
    string.prototype.trim: ~1.2.1
    through: ~2.3.8
  bin:
    tape: bin/tape
  checksum: 6a17144eabbbbf0cee70e9e2fc207a82287f1012aa5070af6e5137d4e80845bc64852e37c65572e314633b80577edb726ccadd1cbca1e2a5f590b2d040c29090
  languageName: node
  linkType: hard

"through@npm:~2.3.4, through@npm:~2.3.8":
  version: 2.3.8
  resolution: "through@npm:2.3.8"
  checksum: ab0e84b0ad6587f12411f1d205728beb362f5586f20b3f6208ea3b076f942f78777ec01b92a6ea2cfa743f997c791d2991400c237f516d35967cf19926e241cb
  languageName: node
  linkType: hard

"toidentifier@npm:1.0.0":
  version: 1.0.0
  resolution: "toidentifier@npm:1.0.0"
  checksum: 77baf43c84297a1695a18fadf33cf52caa742d983304dc66a2faea4cdbfce1b56a36c15e8a0744b4d63f53f6770153f9392941cb8e60c556d41737b7741a548a
  languageName: node
  linkType: hard

"tough-cookie@npm:~2.4.3":
  version: 2.4.3
  resolution: "tough-cookie@npm:2.4.3"
  dependencies:
    psl: ^1.1.24
    punycode: ^1.4.1
  checksum: 4fb852840d622e9e8bb789aa8da960cc03997fd18262b41e038e02bd00ef3a8d190ffae426412d5fef6990af5d42501b8d4adb2a9c8e1100251e1bf5f5166017
  languageName: node
  linkType: hard

"tunnel-agent@npm:^0.6.0":
  version: 0.6.0
  resolution: "tunnel-agent@npm:0.6.0"
  dependencies:
    safe-buffer: ^5.0.1
  checksum: 42dde635e062df310cb74826836711913c410ab0141299ac9c06f311fc1d00624f0fbac442695fef06a800e0c7a498cb5532b2ad3ab6357baac47904896e1dde
  languageName: node
  linkType: hard

"tweetnacl@npm:^0.14.3, tweetnacl@npm:~0.14.0":
  version: 0.14.5
  resolution: "tweetnacl@npm:0.14.5"
  checksum: 8494c8d72852a438fc945a5b290af9e0aaa2f98491ee77022ae14845e403462e63e56379ba3ca917106a54b4007855586b174ad34d0c0ef740998e72e3ecdd60
  languageName: node
  linkType: hard

"type-is@npm:~1.6.17, type-is@npm:~1.6.18":
  version: 1.6.18
  resolution: "type-is@npm:1.6.18"
  dependencies:
    media-typer: 0.3.0
    mime-types: ~2.1.24
  checksum: 3b24b0076092707b47d4beb06c47ddb3a0539d48d6ec3b6f471c47f98d5a7887dbc47c995fda6cfc29203dcc093aa65dcba88b4837c61a0e2744926f5730486e
  languageName: node
  linkType: hard

"unpipe@npm:1.0.0, unpipe@npm:~1.0.0":
  version: 1.0.0
  resolution: "unpipe@npm:1.0.0"
  checksum: 42b49dfde2a9131cc0f6ecd182c66c6ac4e1fb372683a665d131c33be0d009c5b8b76fd1ec4a7a1ec2afb43204e23c61c178a2c6124266d66fdb605ed5196739
  languageName: node
  linkType: hard

"uri-js@npm:^4.2.2":
  version: 4.2.2
  resolution: "uri-js@npm:4.2.2"
  dependencies:
    punycode: ^2.1.0
  checksum: a81e6af3f3e978391eadbc0425c786867f5ea519234ceece60aeda7d614fb3f025ff195f97a0900b8deb129996296b30b39993b4edce0d85c119833254f8836f
  languageName: node
  linkType: hard

"utils-merge@npm:1.0.1":
  version: 1.0.1
  resolution: "utils-merge@npm:1.0.1"
  checksum: e43eb20eac16d00e447f229a5ac271e39fd9e2b50eb09fde53140905d75f9ea6c2c644f80b221aec01cec633d45b5b8b31eb174896c3b18146b0d0a32697db5f
  languageName: node
  linkType: hard

"uuid@npm:^3.3.2":
  version: 3.4.0
  resolution: "uuid@npm:3.4.0"
  bin:
    uuid: ./bin/uuid
  checksum: 28cbce9f7d0d63229a0a1926bac76d72c22ff21009e5581477c5dad59e00a52ea48f487048476c85fd9dddcd7a29216475d33e4da851ccf8fe04baafe2957c74
  languageName: node
  linkType: hard

"vary@npm:~1.1.2":
  version: 1.1.2
  resolution: "vary@npm:1.1.2"
  checksum: 09e07d2b27e4a8689e1af67a03ca4402aebc2c0e1bf72d1b17cdc9b136eccc4b543072db314fd4dea15f1462c9de2773ceecbd1271eef6506520171f6fc14430
  languageName: node
  linkType: hard

"verror@npm:1.10.0":
  version: 1.10.0
  resolution: "verror@npm:1.10.0"
  dependencies:
    assert-plus: ^1.0.0
    core-util-is: 1.0.2
    extsprintf: ^1.2.0
  checksum: e1632bbbd6b056ac26037da4ebe46ad9934625ad2945823ca7d83027cd9229da47a57347c1933961efd32a8f1ee0e8f099cf4658f1b83b85d3fabe8c813d7a96
  languageName: node
  linkType: hard

"wrappy@npm:1":
  version: 1.0.2
  resolution: "wrappy@npm:1.0.2"
  checksum: 0796da084f06bced2351fed9686a7211f4a4b774a7a3b64c7ead1b3bef162b1721f2a1d3fb1268bf2e848c9d743eca189c2a243159a1512d5dfab4b0d4dd60b5
  languageName: node
  linkType: hard
